# auto-generated by grc.converter

id: clenabled_clLog
label: clLog
category: '[clenabled]'

parameters:
-   id: '...'
    label: '...'
    dtype: '...'

inputs:
-   domain: stream
    dtype: ''

outputs:
-   domain: stream
    dtype: ''

templates:
    imports: import clenabled
    make: clenabled.clLog()

file_format: 1
