# auto-generated by grc.converter

id: clenabled_clLog10
label: OpenCL Log10
category: '[OpenCL-Accelerated]'

parameters:
-   id: openCLPlatform
    label: OpenCL Platform Type
    dtype: enum
    options: ['1', '2', '3', '4']
    option_labels: [GPU, Accelerator, CPU, Any]
-   id: devices
    label: OpenCL Device
    dtype: enum
    options: ['1', '2']
    option_labels: [Any, Specific]
    option_attributes:
        hide_specific: [all, '']
-   id: platformId
    label: Platform Id
    dtype: enum
    options: ['0', '1', '2', '3']
    hide: ${ devices.hide_specific }
-   id: deviceId
    label: Device Id
    dtype: enum
    options: ['0', '1', '2', '3']
    hide: ${ devices.hide_specific }
-   id: setDebug
    label: Debug
    dtype: enum
    options: ['0', '1']
    option_labels: ['Off', 'On']
-   id: n_val
    label: n
    dtype: float
    default: '1'
-   id: k_val
    label: k
    dtype: float
    default: '0'

inputs:
-   domain: stream
    dtype: float

outputs:
-   domain: stream
    dtype: float

templates:
    imports: import clenabled
    make: "% if devices == 1:\n\tclenabled.clLog(${openCLPlatform},1,0,0,${n_val},${k_val},${setDebug})\n\
        \t% else:\n\tclenabled.clLog(${openCLPlatform},${devices},${platformId},${deviceId},${n_val},${k_val},${setDebug})\n\
        \t% endif"

documentation: |-
    This block is an OpenCL enabled version of the built-in Log10 block.
    Calculation is out = n * log10(in) + k.

file_format: 1
