# auto-generated by grc.converter

id: clenabled_clCostasLoop
label: OpenCL Costas Loop
category: '[OpenCL-Enabled]'

parameters:
-   id: openCLPlatform
    label: OpenCL Platform Type
    dtype: enum
    options: ['1', '2', '3', '4']
    option_labels: [GPU, Accelerator, CPU, Any]
-   id: devices
    label: OpenCL Device
    dtype: enum
    options: ['1', '2']
    option_labels: [Any, Specific]
    option_attributes:
        hide_specific: [all, '']
-   id: platformId
    label: Platform Id
    dtype: enum
    options: ['0', '1', '2', '3']
    hide: ${ devices.hide_specific }
-   id: deviceId
    label: Device Id
    dtype: enum
    options: ['0', '1', '2', '3']
    hide: ${ devices.hide_specific }
-   id: loop_bw
    label: Loop Bandwidth
    dtype: real
-   id: order
    label: Loop Order
    dtype: enum
    options: ['2', '4']
-   id: setDebug
    label: Debug
    dtype: enum
    options: ['0', '1']
    option_labels: ['Off', 'On']

inputs:
-   domain: stream
    dtype: complex

outputs:
-   domain: stream
    dtype: complex

templates:
    imports: import clenabled
    make: clenabled.clCostasLoop(${openCLPlatform},${devices},${platformId},${deviceId},${loop_bw},${order},${setDebug})

file_format: 1
