# auto-generated by grc.converter

id: clenabled_clMathOp
label: clMathOp
category: '[clenabled]'

parameters:
-   id: '...'
    label: '...'
    dtype: '...'

inputs:
-   domain: stream
    dtype: ''

outputs:
-   domain: stream
    dtype: ''

templates:
    imports: import clenabled
    make: clenabled.clMathOp()

file_format: 1
