# auto-generated by grc.converter

id: clenabled_magphasetocomplex
label: OpenCL Mag Phase To Complex
category: '[OpenCL-Accelerated]'

parameters:
-   id: openCLPlatform
    label: OpenCL Platform Type
    dtype: enum
    options: ['1', '2', '3', '4']
    option_labels: [GPU, Accelerator, CPU, Any]
-   id: devices
    label: OpenCL Device
    dtype: enum
    options: ['1', '2']
    option_labels: [Any, Specific]
    option_attributes:
        hide_specific: [all, '']
-   id: platformId
    label: Platform Id
    dtype: enum
    options: ['0', '1', '2', '3']
    hide: ${ devices.hide_specific }
-   id: deviceId
    label: Device Id
    dtype: enum
    options: ['0', '1', '2', '3']
    hide: ${ devices.hide_specific }
-   id: setDebug
    label: Debug
    dtype: enum
    options: ['0', '1']
    option_labels: ['Off', 'On']

inputs:
-   label: mag
    domain: stream
    dtype: float
-   label: phase
    domain: stream
    dtype: float

outputs:
-   domain: stream
    dtype: complex

templates:
    imports: import clenabled
    make: "% if devices == 1:\n\tclenabled.clMagPhaseToComplex(${openCLPlatform},1,0,0,${setDebug})\n\
        \t% else:\n\tclenabled.clMagPhaseToComplex(${openCLPlatform},${devices},${platformId},${deviceId},${setDebug})\n\
        \t% endif"

documentation: |-
    This block is an OpenCL enabled version of the built-in Mag Phase To Complex block.

file_format: 1
